
Microsoft Visual Studio Solution File, Format Version 12.00
# Visual Studio Version 17
VisualStudioVersion = 17.0.31903.59
MinimumVisualStudioVersion = 10.0.40219.1
Project("{FAE04EC0-301F-11D3-BF4B-00C04F79EFBC}") = "CadeteriaLibrary", "CadeteriaLibrary\CadeteriaLibrary.csproj", "{08C14B21-F8A0-427B-8136-EC87945A3322}"
EndProject
Project("{FAE04EC0-301F-11D3-BF4B-00C04F79EFBC}") = "CadeteriaApi", "CadeteriaApi\CadeteriaApi.csproj", "{C65C6A20-DD9F-4A64-BAF8-49779635258A}"
EndProject
Global
	GlobalSection(SolutionConfigurationPlatforms) = preSolution
		Debug|Any CPU = Debug|Any CPU
		Release|Any CPU = Release|Any CPU
	EndGlobalSection
	GlobalSection(SolutionProperties) = preSolution
		HideSolutionNode = FALSE
	EndGlobalSection
	GlobalSection(ProjectConfigurationPlatforms) = postSolution
		{08C14B21-F8A0-427B-8136-EC87945A3322}.Debug|Any CPU.ActiveCfg = Debug|Any CPU
		{08C14B21-F8A0-427B-8136-EC87945A3322}.Debug|Any CPU.Build.0 = Debug|Any CPU
		{08C14B21-F8A0-427B-8136-EC87945A3322}.Release|Any CPU.ActiveCfg = Release|Any CPU
		{08C14B21-F8A0-427B-8136-EC87945A3322}.Release|Any CPU.Build.0 = Release|Any CPU
		{C65C6A20-DD9F-4A64-BAF8-49779635258A}.Debug|Any CPU.ActiveCfg = Debug|Any CPU
		{C65C6A20-DD9F-4A64-BAF8-49779635258A}.Debug|Any CPU.Build.0 = Debug|Any CPU
		{C65C6A20-DD9F-4A64-BAF8-49779635258A}.Release|Any CPU.ActiveCfg = Release|Any CPU
		{C65C6A20-DD9F-4A64-BAF8-49779635258A}.Release|Any CPU.Build.0 = Release|Any CPU
	EndGlobalSection
EndGlobal
